Microsoft Visual Studio Solution File, Format Version 12.00
# Visual Studio Version 16
VisualStudioVersion = 16.0.29806.167
MinimumVisualStudioVersion = 10.0.40219.1
Project("{2150E333-8FDC-42A3-9474-1A3956D46DE8}") = "CSF.Web", "CSF.Web", "{4344FA1A-486E-4EF5-87C8-CFC204176246}"
EndProject
Project("{2150E333-8FDC-42A3-9474-1A3956D46DE8}") = "CSF.MPDIS", "CSF.MPDIS", "{31420F3F-300A-4386-A82D-6A66046CB651}"
EndProject
Project("{2150E333-8FDC-42A3-9474-1A3956D46DE8}") = "CSF.APIM", "CSF.APIM", "{BF2D2F11-5AE3-4CDB-9557-D52548F544A7}"
EndProject
Project("{9A19103F-16F7-4668-BE54-9A1E7A4F7556}") = "CSF.APIM.Gateway", "src\CSF.APIM\CSF.APIM.Gateway\CSF.APIM.Gateway.csproj", "{4C7A960E-160C-4CE4-A8CE-D32201DEE435}"
EndProject
Project("{9A19103F-16F7-4668-BE54-9A1E7A4F7556}") = "CSF.MPDIS.API", "src\CSF.MPDIS\CSF.MPDIS.API\CSF.MPDIS.API.csproj", "{76E992D8-07EC-4EE8-B1A5-A2E03B5A608E}"
EndProject
Project("{9A19103F-16F7-4668-BE54-9A1E7A4F7556}") = "CSF.Web.Client", "src\CSF.Web\CSF.Web.Client\CSF.Web.Client.csproj", "{947E56CF-D198-4AA3-912E-5A5DFA3A649C}"
EndProject
Project("{9A19103F-16F7-4668-BE54-9A1E7A4F7556}") = "CSF.Web.Client.Tests.Integration", "src\CSF.Web\CSF.Web.Client.Tests.Integration\CSF.Web.Client.Tests.Integration.csproj", "{B6533884-C7A5-4A7A-9FB8-2760E0A65D78}"
EndProject
Project("{9A19103F-16F7-4668-BE54-9A1E7A4F7556}") = "CSF.Web.Client.Tests.Unit", "src\CSF.Web\CSF.Web.Client.Tests.Unit\CSF.Web.Client.Tests.Unit.csproj", "{FF927B39-7F1B-4ACF-87F6-1D6E0AFFAB54}"
EndProject
Project("{FAE04EC0-301F-11D3-BF4B-00C04F79EFBC}") = "CSF.MPDIS.API.Unit", "CSF.MPDIS.API.Unit\CSF.MPDIS.API.Unit.csproj", "{1AD30587-D6F7-4D68-BD74-C0BD45DC5C7B}"
EndProject
Global
	GlobalSection(SolutionConfigurationPlatforms) = preSolution
		Debug|Any CPU = Debug|Any CPU
		Release|Any CPU = Release|Any CPU
	EndGlobalSection
	GlobalSection(ProjectConfigurationPlatforms) = postSolution
		{4C7A960E-160C-4CE4-A8CE-D32201DEE435}.Debug|Any CPU.ActiveCfg = Debug|Any CPU
		{4C7A960E-160C-4CE4-A8CE-D32201DEE435}.Debug|Any CPU.Build.0 = Debug|Any CPU
		{4C7A960E-160C-4CE4-A8CE-D32201DEE435}.Release|Any CPU.ActiveCfg = Release|Any CPU
		{4C7A960E-160C-4CE4-A8CE-D32201DEE435}.Release|Any CPU.Build.0 = Release|Any CPU
		{76E992D8-07EC-4EE8-B1A5-A2E03B5A608E}.Debug|Any CPU.ActiveCfg = Debug|Any CPU
		{76E992D8-07EC-4EE8-B1A5-A2E03B5A608E}.Debug|Any CPU.Build.0 = Debug|Any CPU
		{76E992D8-07EC-4EE8-B1A5-A2E03B5A608E}.Release|Any CPU.ActiveCfg = Release|Any CPU
		{76E992D8-07EC-4EE8-B1A5-A2E03B5A608E}.Release|Any CPU.Build.0 = Release|Any CPU
		{947E56CF-D198-4AA3-912E-5A5DFA3A649C}.Debug|Any CPU.ActiveCfg = Debug|Any CPU
		{947E56CF-D198-4AA3-912E-5A5DFA3A649C}.Debug|Any CPU.Build.0 = Debug|Any CPU
		{947E56CF-D198-4AA3-912E-5A5DFA3A649C}.Release|Any CPU.ActiveCfg = Release|Any CPU
		{947E56CF-D198-4AA3-912E-5A5DFA3A649C}.Release|Any CPU.Build.0 = Release|Any CPU
		{B6533884-C7A5-4A7A-9FB8-2760E0A65D78}.Debug|Any CPU.ActiveCfg = Debug|Any CPU
		{B6533884-C7A5-4A7A-9FB8-2760E0A65D78}.Debug|Any CPU.Build.0 = Debug|Any CPU
		{B6533884-C7A5-4A7A-9FB8-2760E0A65D78}.Release|Any CPU.ActiveCfg = Release|Any CPU
		{B6533884-C7A5-4A7A-9FB8-2760E0A65D78}.Release|Any CPU.Build.0 = Release|Any CPU
		{FF927B39-7F1B-4ACF-87F6-1D6E0AFFAB54}.Debug|Any CPU.ActiveCfg = Debug|Any CPU
		{FF927B39-7F1B-4ACF-87F6-1D6E0AFFAB54}.Debug|Any CPU.Build.0 = Debug|Any CPU
		{FF927B39-7F1B-4ACF-87F6-1D6E0AFFAB54}.Release|Any CPU.ActiveCfg = Release|Any CPU
		{FF927B39-7F1B-4ACF-87F6-1D6E0AFFAB54}.Release|Any CPU.Build.0 = Release|Any CPU
		{1AD30587-D6F7-4D68-BD74-C0BD45DC5C7B}.Debug|Any CPU.ActiveCfg = Debug|Any CPU
		{1AD30587-D6F7-4D68-BD74-C0BD45DC5C7B}.Debug|Any CPU.Build.0 = Debug|Any CPU
		{1AD30587-D6F7-4D68-BD74-C0BD45DC5C7B}.Release|Any CPU.ActiveCfg = Release|Any CPU
		{1AD30587-D6F7-4D68-BD74-C0BD45DC5C7B}.Release|Any CPU.Build.0 = Release|Any CPU
	EndGlobalSection
	GlobalSection(SolutionProperties) = preSolution
		HideSolutionNode = FALSE
	EndGlobalSection
	GlobalSection(NestedProjects) = preSolution
		{4C7A960E-160C-4CE4-A8CE-D32201DEE435} = {BF2D2F11-5AE3-4CDB-9557-D52548F544A7}
		{76E992D8-07EC-4EE8-B1A5-A2E03B5A608E} = {31420F3F-300A-4386-A82D-6A66046CB651}
		{947E56CF-D198-4AA3-912E-5A5DFA3A649C} = {4344FA1A-486E-4EF5-87C8-CFC204176246}
		{B6533884-C7A5-4A7A-9FB8-2760E0A65D78} = {4344FA1A-486E-4EF5-87C8-CFC204176246}
		{FF927B39-7F1B-4ACF-87F6-1D6E0AFFAB54} = {4344FA1A-486E-4EF5-87C8-CFC204176246}
		{1AD30587-D6F7-4D68-BD74-C0BD45DC5C7B} = {31420F3F-300A-4386-A82D-6A66046CB651}
	EndGlobalSection
	GlobalSection(ExtensibilityGlobals) = postSolution
		SolutionGuid = {F1681D7A-E12C-4288-A8CC-F0439A40B90A}
	EndGlobalSection
EndGlobal
